
Microsoft Visual Studio Solution File, Format Version 12.00
# Visual Studio Version 16
VisualStudioVersion = 16.0.32510.428
MinimumVisualStudioVersion = 10.0.40219.1
Project("{8BC9CEB8-8B4A-11D0-8D11-00A0C91BC942}") = "CHALLENGE_INTRANET", "CHALLENGE_INTRANET.vcxproj", "{600DD159-F7D8-48B1-A000-41DDA985CD26}"
EndProject
Global
	GlobalSection(SolutionConfigurationPlatforms) = preSolution
		Debug|x64 = Debug|x64
		Debug|x86 = Debug|x86
		Release|x64 = Release|x64
		Release|x86 = Release|x86
	EndGlobalSection
	GlobalSection(ProjectConfigurationPlatforms) = postSolution
		{600DD159-F7D8-48B1-A000-41DDA985CD26}.Debug|x64.ActiveCfg = Debug|x64
		{600DD159-F7D8-48B1-A000-41DDA985CD26}.Debug|x64.Build.0 = Debug|x64
		{600DD159-F7D8-48B1-A000-41DDA985CD26}.Debug|x86.ActiveCfg = Debug|Win32
		{600DD159-F7D8-48B1-A000-41DDA985CD26}.Debug|x86.Build.0 = Debug|Win32
		{600DD159-F7D8-48B1-A000-41DDA985CD26}.Release|x64.ActiveCfg = Release|x64
		{600DD159-F7D8-48B1-A000-41DDA985CD26}.Release|x64.Build.0 = Release|x64
		{600DD159-F7D8-48B1-A000-41DDA985CD26}.Release|x86.ActiveCfg = Release|Win32
		{600DD159-F7D8-48B1-A000-41DDA985CD26}.Release|x86.Build.0 = Release|Win32
	EndGlobalSection
	GlobalSection(SolutionProperties) = preSolution
		HideSolutionNode = FALSE
	EndGlobalSection
	GlobalSection(ExtensibilityGlobals) = postSolution
		SolutionGuid = {801EAC5E-5670-4F9E-A81B-32977E7AC9E9}
	EndGlobalSection
EndGlobal
